// !$*UTF8*$!
{
	archiveVersion = 1;
	classes = {
	};
	objectVersion = 55;
	objects = {

/* Begin PBXBuildFile section */
		081BC7C2276A42AB000AE740 /* FloatingLabelTextFieldSwiftUI in Frameworks */ = {isa = PBXBuildFile; productRef = 081BC7C1276A42AB000AE740 /* FloatingLabelTextFieldSwiftUI */; };
		081BC7C4276A433E000AE740 /* UserRepository.swift in Sources */ = {isa = PBXBuildFile; fileRef = 081BC7C3276A433E000AE740 /* UserRepository.swift */; };
		081BC7C6276A4F8C000AE740 /* BackgroundView.swift in Sources */ = {isa = PBXBuildFile; fileRef = 081BC7C5276A4F8C000AE740 /* BackgroundView.swift */; };
		082A633327691C1D00BD5921 /* searchIDwithNilValue.json in Resources */ = {isa = PBXBuildFile; fileRef = 082A633227691C1D00BD5921 /* searchIDwithNilValue.json */; };
		082A63352769222600BD5921 /* searchNameNoResult.json in Resources */ = {isa = PBXBuildFile; fileRef = 082A63342769222600BD5921 /* searchNameNoResult.json */; };
		083C3C84274E5FE300864AF5 /* StringExtension.swift in Sources */ = {isa = PBXBuildFile; fileRef = 083C3C83274E5FE300864AF5 /* StringExtension.swift */; };
		083C45EC27673A470058918F /* CustomTF.swift in Sources */ = {isa = PBXBuildFile; fileRef = 083C45EB27673A470058918F /* CustomTF.swift */; };
		083C45EE27673BE70058918F /* CustomSecureTF.swift in Sources */ = {isa = PBXBuildFile; fileRef = 083C45ED27673BE70058918F /* CustomSecureTF.swift */; };
		083C45F0276743360058918F /* AlertTFView.swift in Sources */ = {isa = PBXBuildFile; fileRef = 083C45EF276743360058918F /* AlertTFView.swift */; };
		083C45F2276743660058918F /* AlertTFViewModel.swift in Sources */ = {isa = PBXBuildFile; fileRef = 083C45F1276743660058918F /* AlertTFViewModel.swift */; };
		083C46462768A7130058918F /* ApiServiceTest.swift in Sources */ = {isa = PBXBuildFile; fileRef = 083C46452768A7130058918F /* ApiServiceTest.swift */; };
		083C464D2768A7300058918F /* FakeResponseData.swift in Sources */ = {isa = PBXBuildFile; fileRef = 083C464C2768A7300058918F /* FakeResponseData.swift */; };
		083C464F2768A8D60058918F /* top50.json in Resources */ = {isa = PBXBuildFile; fileRef = 083C464E2768A8D60058918F /* top50.json */; };
		083C46512768A8E90058918F /* searchName.json in Resources */ = {isa = PBXBuildFile; fileRef = 083C46502768A8E90058918F /* searchName.json */; };
		083C46532768A8EF0058918F /* searchID.json in Resources */ = {isa = PBXBuildFile; fileRef = 083C46522768A8EF0058918F /* searchID.json */; };
		08706A7127561DD2007C77B9 /* BackgroundClearView.swift in Sources */ = {isa = PBXBuildFile; fileRef = 08706A7027561DD2007C77B9 /* BackgroundClearView.swift */; };
		08706A7327565C3E007C77B9 /* ConversationRepository.swift in Sources */ = {isa = PBXBuildFile; fileRef = 08706A7227565C3E007C77B9 /* ConversationRepository.swift */; };
		08706A7527567D8E007C77B9 /* DateExtension.swift in Sources */ = {isa = PBXBuildFile; fileRef = 08706A7427567D8E007C77B9 /* DateExtension.swift */; };
		08706A7727568788007C77B9 /* ConversationData.swift in Sources */ = {isa = PBXBuildFile; fileRef = 08706A7627568788007C77B9 /* ConversationData.swift */; };
		08706A79275687FC007C77B9 /* ChatViewModel.swift in Sources */ = {isa = PBXBuildFile; fileRef = 08706A78275687FC007C77B9 /* ChatViewModel.swift */; };
		08706A7B275697ED007C77B9 /* ConversationCellView.swift in Sources */ = {isa = PBXBuildFile; fileRef = 08706A7A275697ED007C77B9 /* ConversationCellView.swift */; };
		08706A7E2756B3CC007C77B9 /* ConversationView.swift in Sources */ = {isa = PBXBuildFile; fileRef = 08706A7D2756B3CC007C77B9 /* ConversationView.swift */; };
		08706A802756B3D9007C77B9 /* ConversationViewModel.swift in Sources */ = {isa = PBXBuildFile; fileRef = 08706A7F2756B3D9007C77B9 /* ConversationViewModel.swift */; };
		0882136427624ADA008D04B4 /* PinInfo.swift in Sources */ = {isa = PBXBuildFile; fileRef = 0882136327624ADA008D04B4 /* PinInfo.swift */; };
		0882136627624C34008D04B4 /* ProfilImageView.swift in Sources */ = {isa = PBXBuildFile; fileRef = 0882136527624C34008D04B4 /* ProfilImageView.swift */; };
		0882136827624D1D008D04B4 /* ProfilInfoView.swift in Sources */ = {isa = PBXBuildFile; fileRef = 0882136727624D1D008D04B4 /* ProfilInfoView.swift */; };
		089A0E302755348100E23044 /* ResetView.swift in Sources */ = {isa = PBXBuildFile; fileRef = 089A0E2F2755348100E23044 /* ResetView.swift */; };
		089A0E322755348900E23044 /* ResetViewModel.swift in Sources */ = {isa = PBXBuildFile; fileRef = 089A0E312755348900E23044 /* ResetViewModel.swift */; };
		08C6F405275B6A6C0028D5E4 /* LeftBubbleView.swift in Sources */ = {isa = PBXBuildFile; fileRef = 08C6F404275B6A6C0028D5E4 /* LeftBubbleView.swift */; };
		08C6F407275B6B800028D5E4 /* RightBubbleView.swift in Sources */ = {isa = PBXBuildFile; fileRef = 08C6F406275B6B800028D5E4 /* RightBubbleView.swift */; };
		4BA6E765D0022F15F79521CA /* Pods_MGL__iOS_.framework in Frameworks */ = {isa = PBXBuildFile; fileRef = 7969FE3C4A47832D05E4193E /* Pods_MGL__iOS_.framework */; };
		7A10A3A227446BBD006B09DD /* NetworkError.swift in Sources */ = {isa = PBXBuildFile; fileRef = 7A10A3A127446BBD006B09DD /* NetworkError.swift */; };
		7A40E44E27450E95002D0FD8 /* Constantes.swift in Sources */ = {isa = PBXBuildFile; fileRef = 7A40E44D27450E95002D0FD8 /* Constantes.swift */; };
		7A40E4502745344D002D0FD8 /* SearchViewModel.swift in Sources */ = {isa = PBXBuildFile; fileRef = 7A40E44F2745344D002D0FD8 /* SearchViewModel.swift */; };
		7A40E45227453ACB002D0FD8 /* SignUpViewModel.swift in Sources */ = {isa = PBXBuildFile; fileRef = 7A40E45127453ACB002D0FD8 /* SignUpViewModel.swift */; };
		7A436EB6274C3D9B00D8D28F /* ViewExtension.swift in Sources */ = {isa = PBXBuildFile; fileRef = 7A436EB5274C3D9B00D8D28F /* ViewExtension.swift */; };
		7A46557627468FA3002BE831 /* UserData.swift in Sources */ = {isa = PBXBuildFile; fileRef = 7A46557527468FA3002BE831 /* UserData.swift */; };
		7A465578274692E3002BE831 /* MapViewModel.swift in Sources */ = {isa = PBXBuildFile; fileRef = 7A465577274692E3002BE831 /* MapViewModel.swift */; };
		7A4C2A06272FEF1200C4AC30 /* MGLApp.swift in Sources */ = {isa = PBXBuildFile; fileRef = 7A4C29F6272FEF1100C4AC30 /* MGLApp.swift */; };
		7A4C2A08272FEF1200C4AC30 /* ContentView.swift in Sources */ = {isa = PBXBuildFile; fileRef = 7A4C29F7272FEF1100C4AC30 /* ContentView.swift */; };
		7A4C2A0A272FEF1200C4AC30 /* Assets.xcassets in Resources */ = {isa = PBXBuildFile; fileRef = 7A4C29F8272FEF1200C4AC30 /* Assets.xcassets */; };
		7A4C2A18272FEF6500C4AC30 /* Top50View.swift in Sources */ = {isa = PBXBuildFile; fileRef = 7A4C2A17272FEF6500C4AC30 /* Top50View.swift */; };
		7A4C2A1B272FEF6C00C4AC30 /* SearchView.swift in Sources */ = {isa = PBXBuildFile; fileRef = 7A4C2A1A272FEF6C00C4AC30 /* SearchView.swift */; };
		7A4C2A1E272FEF7300C4AC30 /* MapView.swift in Sources */ = {isa = PBXBuildFile; fileRef = 7A4C2A1D272FEF7300C4AC30 /* MapView.swift */; };
		7A4C2A21272FEF7C00C4AC30 /* ProfilView.swift in Sources */ = {isa = PBXBuildFile; fileRef = 7A4C2A20272FEF7C00C4AC30 /* ProfilView.swift */; };
		7A4C2A24272FEF8400C4AC30 /* ChatView.swift in Sources */ = {isa = PBXBuildFile; fileRef = 7A4C2A23272FEF8400C4AC30 /* ChatView.swift */; };
		7A4C2A2A272FF6D800C4AC30 /* CustomTabView.swift in Sources */ = {isa = PBXBuildFile; fileRef = 7A4C2A29272FF6D800C4AC30 /* CustomTabView.swift */; };
		7A4C2A2D272FF74500C4AC30 /* LogInView.swift in Sources */ = {isa = PBXBuildFile; fileRef = 7A4C2A2C272FF74500C4AC30 /* LogInView.swift */; };
		7A4C2A33272FF96400C4AC30 /* TFView.swift in Sources */ = {isa = PBXBuildFile; fileRef = 7A4C2A32272FF96400C4AC30 /* TFView.swift */; };
		7A4C2A36272FFA1C00C4AC30 /* BottomLogInView.swift in Sources */ = {isa = PBXBuildFile; fileRef = 7A4C2A35272FFA1C00C4AC30 /* BottomLogInView.swift */; };
		7A4C2A39272FFAC900C4AC30 /* HeaderView.swift in Sources */ = {isa = PBXBuildFile; fileRef = 7A4C2A38272FFAC900C4AC30 /* HeaderView.swift */; };
		7A565E9D274AE679005FD475 /* PublicProfilView.swift in Sources */ = {isa = PBXBuildFile; fileRef = 7A565E9C274AE679005FD475 /* PublicProfilView.swift */; };
		7A565E9F274AE685005FD475 /* PublicProfilViewModel.swift in Sources */ = {isa = PBXBuildFile; fileRef = 7A565E9E274AE685005FD475 /* PublicProfilViewModel.swift */; };
		7A62A3E4274019BC00686E3D /* AuthRepository.swift in Sources */ = {isa = PBXBuildFile; fileRef = 7A62A3E3274019BC00686E3D /* AuthRepository.swift */; };
		7A6FA25B273020C9001EE307 /* SignUpView.swift in Sources */ = {isa = PBXBuildFile; fileRef = 7A6FA25A273020C9001EE307 /* SignUpView.swift */; };
		7A6FA25E27302184001EE307 /* TFSignUpView.swift in Sources */ = {isa = PBXBuildFile; fileRef = 7A6FA25D27302184001EE307 /* TFSignUpView.swift */; };
		7A87477C274CE87C00FB46A8 /* GlowBorder.swift in Sources */ = {isa = PBXBuildFile; fileRef = 7A87477B274CE87C00FB46A8 /* GlowBorder.swift */; };
		7A93A8B5273E770600F920A5 /* GoogleService-Info.plist in Resources */ = {isa = PBXBuildFile; fileRef = 7A93A8B4273E770600F920A5 /* GoogleService-Info.plist */; };
		7A97668E2743A46500E82079 /* Top50ViewModel.swift in Sources */ = {isa = PBXBuildFile; fileRef = 7A97668D2743A46500E82079 /* Top50ViewModel.swift */; };
		7A9766922743AD5B00E82079 /* ProfilViewModel.swift in Sources */ = {isa = PBXBuildFile; fileRef = 7A9766912743AD5B00E82079 /* ProfilViewModel.swift */; };
		7A9766952743B3B600E82079 /* DetailsViewModel.swift in Sources */ = {isa = PBXBuildFile; fileRef = 7A9766942743B3B600E82079 /* DetailsViewModel.swift */; };
		7A9766982743E35200E82079 /* LogInViewModel.swift in Sources */ = {isa = PBXBuildFile; fileRef = 7A9766972743E35200E82079 /* LogInViewModel.swift */; };
		7AA64399274129F80051EC70 /* GameCellView.swift in Sources */ = {isa = PBXBuildFile; fileRef = 7AA64398274129F80051EC70 /* GameCellView.swift */; };
		7AB6EB852731574500E60A49 /* SearchResult.swift in Sources */ = {isa = PBXBuildFile; fileRef = 7AB6EB842731574500E60A49 /* SearchResult.swift */; };
		7AB6EB882731577500E60A49 /* ItemInfos.swift in Sources */ = {isa = PBXBuildFile; fileRef = 7AB6EB872731577500E60A49 /* ItemInfos.swift */; };
		7AB6EB8B2731579E00E60A49 /* Game.swift in Sources */ = {isa = PBXBuildFile; fileRef = 7AB6EB8A2731579E00E60A49 /* Game.swift */; };
		7AB6EB902731580200E60A49 /* ApiService.swift in Sources */ = {isa = PBXBuildFile; fileRef = 7AB6EB8F2731580200E60A49 /* ApiService.swift */; };
		7ACB1735274A6B1D00C88CE8 /* PictureRepository.swift in Sources */ = {isa = PBXBuildFile; fileRef = 7ACB1734274A6B1D00C88CE8 /* PictureRepository.swift */; };
		7ACB1739274A6E4C00C88CE8 /* ImagePicker.swift in Sources */ = {isa = PBXBuildFile; fileRef = 7ACB1738274A6E4C00C88CE8 /* ImagePicker.swift */; };
		7AD0526B2741564200EADB7F /* DetailsView.swift in Sources */ = {isa = PBXBuildFile; fileRef = 7AD0526A2741564200EADB7F /* DetailsView.swift */; };
/* End PBXBuildFile section */

/* Begin PBXContainerItemProxy section */
		083C46472768A7130058918F /* PBXContainerItemProxy */ = {
			isa = PBXContainerItemProxy;
			containerPortal = 7A4C29F1272FEF1000C4AC30 /* Project object */;
			proxyType = 1;
			remoteGlobalIDString = 7A4C29FC272FEF1200C4AC30;
			remoteInfo = "MGL (iOS)";
		};
/* End PBXContainerItemProxy section */

/* Begin PBXFileReference section */
		07DF25CF6AF9907E70DECCF5 /* Pods_MGL__macOS_.framework */ = {isa = PBXFileReference; explicitFileType = wrapper.framework; includeInIndex = 0; path = Pods_MGL__macOS_.framework; sourceTree = BUILT_PRODUCTS_DIR; };
		081BC7C3276A433E000AE740 /* UserRepository.swift */ = {isa = PBXFileReference; lastKnownFileType = sourcecode.swift; path = UserRepository.swift; sourceTree = "<group>"; };
		081BC7C5276A4F8C000AE740 /* BackgroundView.swift */ = {isa = PBXFileReference; lastKnownFileType = sourcecode.swift; path = BackgroundView.swift; sourceTree = "<group>"; };
		082A633227691C1D00BD5921 /* searchIDwithNilValue.json */ = {isa = PBXFileReference; lastKnownFileType = text.json; path = searchIDwithNilValue.json; sourceTree = "<group>"; };
		082A63342769222600BD5921 /* searchNameNoResult.json */ = {isa = PBXFileReference; lastKnownFileType = text.json; path = searchNameNoResult.json; sourceTree = "<group>"; };
		083C3C83274E5FE300864AF5 /* StringExtension.swift */ = {isa = PBXFileReference; lastKnownFileType = sourcecode.swift; path = StringExtension.swift; sourceTree = "<group>"; };
		083C45EB27673A470058918F /* CustomTF.swift */ = {isa = PBXFileReference; lastKnownFileType = sourcecode.swift; path = CustomTF.swift; sourceTree = "<group>"; };
		083C45ED27673BE70058918F /* CustomSecureTF.swift */ = {isa = PBXFileReference; lastKnownFileType = sourcecode.swift; path = CustomSecureTF.swift; sourceTree = "<group>"; };
		083C45EF276743360058918F /* AlertTFView.swift */ = {isa = PBXFileReference; lastKnownFileType = sourcecode.swift; path = AlertTFView.swift; sourceTree = "<group>"; };
		083C45F1276743660058918F /* AlertTFViewModel.swift */ = {isa = PBXFileReference; lastKnownFileType = sourcecode.swift; path = AlertTFViewModel.swift; sourceTree = "<group>"; };
		083C46432768A7130058918F /* ApiServiceTest.xctest */ = {isa = PBXFileReference; explicitFileType = wrapper.cfbundle; includeInIndex = 0; path = ApiServiceTest.xctest; sourceTree = BUILT_PRODUCTS_DIR; };
		083C46452768A7130058918F /* ApiServiceTest.swift */ = {isa = PBXFileReference; lastKnownFileType = sourcecode.swift; path = ApiServiceTest.swift; sourceTree = "<group>"; };
		083C464C2768A7300058918F /* FakeResponseData.swift */ = {isa = PBXFileReference; lastKnownFileType = sourcecode.swift; path = FakeResponseData.swift; sourceTree = "<group>"; };
		083C464E2768A8D60058918F /* top50.json */ = {isa = PBXFileReference; lastKnownFileType = text.json; path = top50.json; sourceTree = "<group>"; };
		083C46502768A8E90058918F /* searchName.json */ = {isa = PBXFileReference; lastKnownFileType = text.json; path = searchName.json; sourceTree = "<group>"; };
		083C46522768A8EF0058918F /* searchID.json */ = {isa = PBXFileReference; lastKnownFileType = text.json; path = searchID.json; sourceTree = "<group>"; };
		08706A7027561DD2007C77B9 /* BackgroundClearView.swift */ = {isa = PBXFileReference; lastKnownFileType = sourcecode.swift; path = BackgroundClearView.swift; sourceTree = "<group>"; };
		08706A7227565C3E007C77B9 /* ConversationRepository.swift */ = {isa = PBXFileReference; lastKnownFileType = sourcecode.swift; path = ConversationRepository.swift; sourceTree = "<group>"; };
		08706A7427567D8E007C77B9 /* DateExtension.swift */ = {isa = PBXFileReference; lastKnownFileType = sourcecode.swift; path = DateExtension.swift; sourceTree = "<group>"; };
		08706A7627568788007C77B9 /* ConversationData.swift */ = {isa = PBXFileReference; lastKnownFileType = sourcecode.swift; path = ConversationData.swift; sourceTree = "<group>"; };
		08706A78275687FC007C77B9 /* ChatViewModel.swift */ = {isa = PBXFileReference; lastKnownFileType = sourcecode.swift; path = ChatViewModel.swift; sourceTree = "<group>"; };
		08706A7A275697ED007C77B9 /* ConversationCellView.swift */ = {isa = PBXFileReference; lastKnownFileType = sourcecode.swift; path = ConversationCellView.swift; sourceTree = "<group>"; };
		08706A7D2756B3CC007C77B9 /* ConversationView.swift */ = {isa = PBXFileReference; lastKnownFileType = sourcecode.swift; path = ConversationView.swift; sourceTree = "<group>"; };
		08706A7F2756B3D9007C77B9 /* ConversationViewModel.swift */ = {isa = PBXFileReference; lastKnownFileType = sourcecode.swift; path = ConversationViewModel.swift; sourceTree = "<group>"; };
		0882136327624ADA008D04B4 /* PinInfo.swift */ = {isa = PBXFileReference; lastKnownFileType = sourcecode.swift; path = PinInfo.swift; sourceTree = "<group>"; };
		0882136527624C34008D04B4 /* ProfilImageView.swift */ = {isa = PBXFileReference; lastKnownFileType = sourcecode.swift; path = ProfilImageView.swift; sourceTree = "<group>"; };
		0882136727624D1D008D04B4 /* ProfilInfoView.swift */ = {isa = PBXFileReference; lastKnownFileType = sourcecode.swift; path = ProfilInfoView.swift; sourceTree = "<group>"; };
		089A0E2F2755348100E23044 /* ResetView.swift */ = {isa = PBXFileReference; lastKnownFileType = sourcecode.swift; path = ResetView.swift; sourceTree = "<group>"; };
		089A0E312755348900E23044 /* ResetViewModel.swift */ = {isa = PBXFileReference; lastKnownFileType = sourcecode.swift; path = ResetViewModel.swift; sourceTree = "<group>"; };
		08C6F404275B6A6C0028D5E4 /* LeftBubbleView.swift */ = {isa = PBXFileReference; lastKnownFileType = sourcecode.swift; path = LeftBubbleView.swift; sourceTree = "<group>"; };
		08C6F406275B6B800028D5E4 /* RightBubbleView.swift */ = {isa = PBXFileReference; lastKnownFileType = sourcecode.swift; path = RightBubbleView.swift; sourceTree = "<group>"; };
		6E0BCC8F969021B2F4161E78 /* Pods-MGL (iOS).release.xcconfig */ = {isa = PBXFileReference; includeInIndex = 1; lastKnownFileType = text.xcconfig; name = "Pods-MGL (iOS).release.xcconfig"; path = "Target Support Files/Pods-MGL (iOS)/Pods-MGL (iOS).release.xcconfig"; sourceTree = "<group>"; };
		7969FE3C4A47832D05E4193E /* Pods_MGL__iOS_.framework */ = {isa = PBXFileReference; explicitFileType = wrapper.framework; includeInIndex = 0; path = Pods_MGL__iOS_.framework; sourceTree = BUILT_PRODUCTS_DIR; };
		7A10A3A127446BBD006B09DD /* NetworkError.swift */ = {isa = PBXFileReference; lastKnownFileType = sourcecode.swift; path = NetworkError.swift; sourceTree = "<group>"; };
		7A40E44D27450E95002D0FD8 /* Constantes.swift */ = {isa = PBXFileReference; lastKnownFileType = sourcecode.swift; path = Constantes.swift; sourceTree = "<group>"; };
		7A40E44F2745344D002D0FD8 /* SearchViewModel.swift */ = {isa = PBXFileReference; lastKnownFileType = sourcecode.swift; path = SearchViewModel.swift; sourceTree = "<group>"; };
		7A40E45127453ACB002D0FD8 /* SignUpViewModel.swift */ = {isa = PBXFileReference; lastKnownFileType = sourcecode.swift; path = SignUpViewModel.swift; sourceTree = "<group>"; };
		7A436EB5274C3D9B00D8D28F /* ViewExtension.swift */ = {isa = PBXFileReference; lastKnownFileType = sourcecode.swift; path = ViewExtension.swift; sourceTree = "<group>"; };
		7A436EB7274C3F6900D8D28F /* MGL--iOS--Info.plist */ = {isa = PBXFileReference; lastKnownFileType = text.plist; path = "MGL--iOS--Info.plist"; sourceTree = "<group>"; };
		7A46557527468FA3002BE831 /* UserData.swift */ = {isa = PBXFileReference; lastKnownFileType = sourcecode.swift; path = UserData.swift; sourceTree = "<group>"; };
		7A465577274692E3002BE831 /* MapViewModel.swift */ = {isa = PBXFileReference; lastKnownFileType = sourcecode.swift; path = MapViewModel.swift; sourceTree = "<group>"; };
		7A4C29F6272FEF1100C4AC30 /* MGLApp.swift */ = {isa = PBXFileReference; lastKnownFileType = sourcecode.swift; path = MGLApp.swift; sourceTree = "<group>"; };
		7A4C29F7272FEF1100C4AC30 /* ContentView.swift */ = {isa = PBXFileReference; lastKnownFileType = sourcecode.swift; path = ContentView.swift; sourceTree = "<group>"; };
		7A4C29F8272FEF1200C4AC30 /* Assets.xcassets */ = {isa = PBXFileReference; lastKnownFileType = folder.assetcatalog; path = Assets.xcassets; sourceTree = "<group>"; };
		7A4C29FD272FEF1200C4AC30 /* MGL.app */ = {isa = PBXFileReference; explicitFileType = wrapper.application; includeInIndex = 0; path = MGL.app; sourceTree = BUILT_PRODUCTS_DIR; };
		7A4C2A17272FEF6500C4AC30 /* Top50View.swift */ = {isa = PBXFileReference; lastKnownFileType = sourcecode.swift; path = Top50View.swift; sourceTree = "<group>"; };
		7A4C2A1A272FEF6C00C4AC30 /* SearchView.swift */ = {isa = PBXFileReference; lastKnownFileType = sourcecode.swift; path = SearchView.swift; sourceTree = "<group>"; };
		7A4C2A1D272FEF7300C4AC30 /* MapView.swift */ = {isa = PBXFileReference; lastKnownFileType = sourcecode.swift; path = MapView.swift; sourceTree = "<group>"; };
		7A4C2A20272FEF7C00C4AC30 /* ProfilView.swift */ = {isa = PBXFileReference; lastKnownFileType = sourcecode.swift; path = ProfilView.swift; sourceTree = "<group>"; };
		7A4C2A23272FEF8400C4AC30 /* ChatView.swift */ = {isa = PBXFileReference; lastKnownFileType = sourcecode.swift; path = ChatView.swift; sourceTree = "<group>"; };
		7A4C2A29272FF6D800C4AC30 /* CustomTabView.swift */ = {isa = PBXFileReference; lastKnownFileType = sourcecode.swift; path = CustomTabView.swift; sourceTree = "<group>"; };
		7A4C2A2C272FF74500C4AC30 /* LogInView.swift */ = {isa = PBXFileReference; lastKnownFileType = sourcecode.swift; path = LogInView.swift; sourceTree = "<group>"; };
		7A4C2A32272FF96400C4AC30 /* TFView.swift */ = {isa = PBXFileReference; lastKnownFileType = sourcecode.swift; path = TFView.swift; sourceTree = "<group>"; };
		7A4C2A35272FFA1C00C4AC30 /* BottomLogInView.swift */ = {isa = PBXFileReference; lastKnownFileType = sourcecode.swift; path = BottomLogInView.swift; sourceTree = "<group>"; };
		7A4C2A38272FFAC900C4AC30 /* HeaderView.swift */ = {isa = PBXFileReference; lastKnownFileType = sourcecode.swift; path = HeaderView.swift; sourceTree = "<group>"; };
		7A565E9C274AE679005FD475 /* PublicProfilView.swift */ = {isa = PBXFileReference; lastKnownFileType = sourcecode.swift; path = PublicProfilView.swift; sourceTree = "<group>"; };
		7A565E9E274AE685005FD475 /* PublicProfilViewModel.swift */ = {isa = PBXFileReference; lastKnownFileType = sourcecode.swift; path = PublicProfilViewModel.swift; sourceTree = "<group>"; };
		7A62A3E3274019BC00686E3D /* AuthRepository.swift */ = {isa = PBXFileReference; lastKnownFileType = sourcecode.swift; path = AuthRepository.swift; sourceTree = "<group>"; };
		7A6FA25A273020C9001EE307 /* SignUpView.swift */ = {isa = PBXFileReference; lastKnownFileType = sourcecode.swift; path = SignUpView.swift; sourceTree = "<group>"; };
		7A6FA25D27302184001EE307 /* TFSignUpView.swift */ = {isa = PBXFileReference; lastKnownFileType = sourcecode.swift; path = TFSignUpView.swift; sourceTree = "<group>"; };
		7A87477B274CE87C00FB46A8 /* GlowBorder.swift */ = {isa = PBXFileReference; lastKnownFileType = sourcecode.swift; path = GlowBorder.swift; sourceTree = "<group>"; };
		7A93A8B4273E770600F920A5 /* GoogleService-Info.plist */ = {isa = PBXFileReference; fileEncoding = 4; lastKnownFileType = text.plist.xml; path = "GoogleService-Info.plist"; sourceTree = "<group>"; };
		7A97668D2743A46500E82079 /* Top50ViewModel.swift */ = {isa = PBXFileReference; lastKnownFileType = sourcecode.swift; path = Top50ViewModel.swift; sourceTree = "<group>"; };
		7A9766912743AD5B00E82079 /* ProfilViewModel.swift */ = {isa = PBXFileReference; lastKnownFileType = sourcecode.swift; path = ProfilViewModel.swift; sourceTree = "<group>"; };
		7A9766942743B3B600E82079 /* DetailsViewModel.swift */ = {isa = PBXFileReference; lastKnownFileType = sourcecode.swift; path = DetailsViewModel.swift; sourceTree = "<group>"; };
		7A9766972743E35200E82079 /* LogInViewModel.swift */ = {isa = PBXFileReference; lastKnownFileType = sourcecode.swift; path = LogInViewModel.swift; sourceTree = "<group>"; };
		7AA64398274129F80051EC70 /* GameCellView.swift */ = {isa = PBXFileReference; lastKnownFileType = sourcecode.swift; path = GameCellView.swift; sourceTree = "<group>"; };
		7AB6EB842731574500E60A49 /* SearchResult.swift */ = {isa = PBXFileReference; lastKnownFileType = sourcecode.swift; path = SearchResult.swift; sourceTree = "<group>"; };
		7AB6EB872731577500E60A49 /* ItemInfos.swift */ = {isa = PBXFileReference; lastKnownFileType = sourcecode.swift; path = ItemInfos.swift; sourceTree = "<group>"; };
		7AB6EB8A2731579E00E60A49 /* Game.swift */ = {isa = PBXFileReference; lastKnownFileType = sourcecode.swift; path = Game.swift; sourceTree = "<group>"; };
		7AB6EB8F2731580200E60A49 /* ApiService.swift */ = {isa = PBXFileReference; lastKnownFileType = sourcecode.swift; path = ApiService.swift; sourceTree = "<group>"; };
		7ACB1734274A6B1D00C88CE8 /* PictureRepository.swift */ = {isa = PBXFileReference; lastKnownFileType = sourcecode.swift; path = PictureRepository.swift; sourceTree = "<group>"; };
		7ACB1738274A6E4C00C88CE8 /* ImagePicker.swift */ = {isa = PBXFileReference; lastKnownFileType = sourcecode.swift; path = ImagePicker.swift; sourceTree = "<group>"; };
		7AD0526A2741564200EADB7F /* DetailsView.swift */ = {isa = PBXFileReference; lastKnownFileType = sourcecode.swift; path = DetailsView.swift; sourceTree = "<group>"; };
		A3386060E7F7948FD54F54F4 /* Pods-MGL (macOS).debug.xcconfig */ = {isa = PBXFileReference; includeInIndex = 1; lastKnownFileType = text.xcconfig; name = "Pods-MGL (macOS).debug.xcconfig"; path = "Target Support Files/Pods-MGL (macOS)/Pods-MGL (macOS).debug.xcconfig"; sourceTree = "<group>"; };
		AFCBF89B99954A9D981E0293 /* Pods-MGL (iOS)-ApiServiceTest.release.xcconfig */ = {isa = PBXFileReference; includeInIndex = 1; lastKnownFileType = text.xcconfig; name = "Pods-MGL (iOS)-ApiServiceTest.release.xcconfig"; path = "Target Support Files/Pods-MGL (iOS)-ApiServiceTest/Pods-MGL (iOS)-ApiServiceTest.release.xcconfig"; sourceTree = "<group>"; };
		D316C03E65F1E347A1240CA9 /* Pods-MGL (iOS)-ApiServiceTest.debug.xcconfig */ = {isa = PBXFileReference; includeInIndex = 1; lastKnownFileType = text.xcconfig; name = "Pods-MGL (iOS)-ApiServiceTest.debug.xcconfig"; path = "Target Support Files/Pods-MGL (iOS)-ApiServiceTest/Pods-MGL (iOS)-ApiServiceTest.debug.xcconfig"; sourceTree = "<group>"; };
		EB2A453099065CE4EDEF7AA5 /* Pods-MGL (macOS).release.xcconfig */ = {isa = PBXFileReference; includeInIndex = 1; lastKnownFileType = text.xcconfig; name = "Pods-MGL (macOS).release.xcconfig"; path = "Target Support Files/Pods-MGL (macOS)/Pods-MGL (macOS).release.xcconfig"; sourceTree = "<group>"; };
		FD0CD6FCC118B5B7934C6928 /* Pods-MGL (iOS).debug.xcconfig */ = {isa = PBXFileReference; includeInIndex = 1; lastKnownFileType = text.xcconfig; name = "Pods-MGL (iOS).debug.xcconfig"; path = "Target Support Files/Pods-MGL (iOS)/Pods-MGL (iOS).debug.xcconfig"; sourceTree = "<group>"; };
/* End PBXFileReference section */

/* Begin PBXFrameworksBuildPhase section */
		083C46402768A7130058918F /* Frameworks */ = {
			isa = PBXFrameworksBuildPhase;
			buildActionMask = 2147483647;
			files = (
			);
			runOnlyForDeploymentPostprocessing = 0;
		};
		7A4C29FA272FEF1200C4AC30 /* Frameworks */ = {
			isa = PBXFrameworksBuildPhase;
			buildActionMask = 2147483647;
			files = (
				4BA6E765D0022F15F79521CA /* Pods_MGL__iOS_.framework in Frameworks */,
				081BC7C2276A42AB000AE740 /* FloatingLabelTextFieldSwiftUI in Frameworks */,
			);
			runOnlyForDeploymentPostprocessing = 0;
		};
/* End PBXFrameworksBuildPhase section */

/* Begin PBXGroup section */
		083C463D2768A6BA0058918F /* Repository and Service */ = {
			isa = PBXGroup;
			children = (
				7A62A3E3274019BC00686E3D /* AuthRepository.swift */,
				081BC7C3276A433E000AE740 /* UserRepository.swift */,
				7ACB1734274A6B1D00C88CE8 /* PictureRepository.swift */,
				08706A7227565C3E007C77B9 /* ConversationRepository.swift */,
				7AB6EB8F2731580200E60A49 /* ApiService.swift */,
			);
			path = "Repository and Service";
			sourceTree = "<group>";
		};
		083C463E2768A6CE0058918F /* Extension and Modifier */ = {
			isa = PBXGroup;
			children = (
				7A87477B274CE87C00FB46A8 /* GlowBorder.swift */,
				083C3C83274E5FE300864AF5 /* StringExtension.swift */,
				08706A7427567D8E007C77B9 /* DateExtension.swift */,
				7A436EB5274C3D9B00D8D28F /* ViewExtension.swift */,
			);
			path = "Extension and Modifier";
			sourceTree = "<group>";
		};
		083C46442768A7130058918F /* ApiServiceTest */ = {
			isa = PBXGroup;
			children = (
				083C46452768A7130058918F /* ApiServiceTest.swift */,
				083C464C2768A7300058918F /* FakeResponseData.swift */,
				083C46502768A8E90058918F /* searchName.json */,
				082A63342769222600BD5921 /* searchNameNoResult.json */,
				083C46522768A8EF0058918F /* searchID.json */,
				082A633227691C1D00BD5921 /* searchIDwithNilValue.json */,
				083C464E2768A8D60058918F /* top50.json */,
			);
			path = ApiServiceTest;
			sourceTree = "<group>";
		};
		08706A7C2756B3BE007C77B9 /* ConversationView */ = {
			isa = PBXGroup;
			children = (
				08706A7D2756B3CC007C77B9 /* ConversationView.swift */,
				08706A7F2756B3D9007C77B9 /* ConversationViewModel.swift */,
			);
			path = ConversationView;
			sourceTree = "<group>";
		};
		089A0E2E2755347000E23044 /* ResetView */ = {
			isa = PBXGroup;
			children = (
				089A0E2F2755348100E23044 /* ResetView.swift */,
				089A0E312755348900E23044 /* ResetViewModel.swift */,
			);
			path = ResetView;
			sourceTree = "<group>";
		};
		7A4C29F0272FEF1000C4AC30 = {
			isa = PBXGroup;
			children = (
				7A436EB7274C3F6900D8D28F /* MGL--iOS--Info.plist */,
				7A40E44D27450E95002D0FD8 /* Constantes.swift */,
				7A93A8B4273E770600F920A5 /* GoogleService-Info.plist */,
				7AB6EB8E273157C500E60A49 /* View */,
				7AB6EB8D273157A700E60A49 /* Model */,
				7A4C29F6272FEF1100C4AC30 /* MGLApp.swift */,
				7A4C29F8272FEF1200C4AC30 /* Assets.xcassets */,
				083C46442768A7130058918F /* ApiServiceTest */,
				7A4C29FE272FEF1200C4AC30 /* Products */,
				F1081B297E6B9B9E69708FAB /* Pods */,
				7C6642B5C49A600AC56B07B8 /* Frameworks */,
			);
			sourceTree = "<group>";
		};
		7A4C29FE272FEF1200C4AC30 /* Products */ = {
			isa = PBXGroup;
			children = (
				7A4C29FD272FEF1200C4AC30 /* MGL.app */,
				083C46432768A7130058918F /* ApiServiceTest.xctest */,
			);
			name = Products;
			sourceTree = "<group>";
		};
		7A565E9B274AE656005FD475 /* PublicProfilView */ = {
			isa = PBXGroup;
			children = (
				7A565E9C274AE679005FD475 /* PublicProfilView.swift */,
				7A565E9E274AE685005FD475 /* PublicProfilViewModel.swift */,
			);
			path = PublicProfilView;
			sourceTree = "<group>";
		};
		7A97668F2743AD3300E82079 /* Top50View */ = {
			isa = PBXGroup;
			children = (
				7A4C2A17272FEF6500C4AC30 /* Top50View.swift */,
				7A97668D2743A46500E82079 /* Top50ViewModel.swift */,
			);
			path = Top50View;
			sourceTree = "<group>";
		};
		7A9766902743AD4B00E82079 /* ProfilView */ = {
			isa = PBXGroup;
			children = (
				7A4C2A20272FEF7C00C4AC30 /* ProfilView.swift */,
				7A9766912743AD5B00E82079 /* ProfilViewModel.swift */,
			);
			path = ProfilView;
			sourceTree = "<group>";
		};
		7A9766932743B39E00E82079 /* DetailsView */ = {
			isa = PBXGroup;
			children = (
				7AD0526A2741564200EADB7F /* DetailsView.swift */,
				7A9766942743B3B600E82079 /* DetailsViewModel.swift */,
			);
			path = DetailsView;
			sourceTree = "<group>";
		};
		7A9766962743E33D00E82079 /* LogInView */ = {
			isa = PBXGroup;
			children = (
				7A4C2A2C272FF74500C4AC30 /* LogInView.swift */,
				7A9766972743E35200E82079 /* LogInViewModel.swift */,
			);
			path = LogInView;
			sourceTree = "<group>";
		};
		7A9766992743E82200E82079 /* Decodable and Struct */ = {
			isa = PBXGroup;
			children = (
				7AB6EB842731574500E60A49 /* SearchResult.swift */,
				7AB6EB8A2731579E00E60A49 /* Game.swift */,
				7AB6EB872731577500E60A49 /* ItemInfos.swift */,
				0882136327624ADA008D04B4 /* PinInfo.swift */,
				7A46557527468FA3002BE831 /* UserData.swift */,
				08706A7627568788007C77B9 /* ConversationData.swift */,
			);
			path = "Decodable and Struct";
			sourceTree = "<group>";
		};
		7A97669A2743E89500E82079 /* SearchView */ = {
			isa = PBXGroup;
			children = (
				7A4C2A1A272FEF6C00C4AC30 /* SearchView.swift */,
				7A40E44F2745344D002D0FD8 /* SearchViewModel.swift */,
			);
			path = SearchView;
			sourceTree = "<group>";
		};
		7A97669B2743EA0B00E82079 /* SignUpView */ = {
			isa = PBXGroup;
			children = (
				7A6FA25A273020C9001EE307 /* SignUpView.swift */,
				7A40E45127453ACB002D0FD8 /* SignUpViewModel.swift */,
			);
			path = SignUpView;
			sourceTree = "<group>";
		};
		7A97669C2743EA1B00E82079 /* MapView */ = {
			isa = PBXGroup;
			children = (
				7A4C2A1D272FEF7300C4AC30 /* MapView.swift */,
				7A465577274692E3002BE831 /* MapViewModel.swift */,
			);
			path = MapView;
			sourceTree = "<group>";
		};
		7A97669D2743EA2D00E82079 /* ChatView */ = {
			isa = PBXGroup;
			children = (
				7A4C2A23272FEF8400C4AC30 /* ChatView.swift */,
				08706A78275687FC007C77B9 /* ChatViewModel.swift */,
			);
			path = ChatView;
			sourceTree = "<group>";
		};
		7AB6EB8D273157A700E60A49 /* Model */ = {
			isa = PBXGroup;
			children = (
				083C463E2768A6CE0058918F /* Extension and Modifier */,
				083C463D2768A6BA0058918F /* Repository and Service */,
				7A9766992743E82200E82079 /* Decodable and Struct */,
				7A10A3A127446BBD006B09DD /* NetworkError.swift */,
			);
			path = Model;
			sourceTree = "<group>";
		};
		7AB6EB8E273157C500E60A49 /* View */ = {
			isa = PBXGroup;
			children = (
				7A4C29F7272FEF1100C4AC30 /* ContentView.swift */,
				7A565E9B274AE656005FD475 /* PublicProfilView */,
				089A0E2E2755347000E23044 /* ResetView */,
				7A9766902743AD4B00E82079 /* ProfilView */,
				7A97668F2743AD3300E82079 /* Top50View */,
				7A9766932743B39E00E82079 /* DetailsView */,
				7A9766962743E33D00E82079 /* LogInView */,
				7A97669B2743EA0B00E82079 /* SignUpView */,
				7A97669A2743E89500E82079 /* SearchView */,
				7A97669C2743EA1B00E82079 /* MapView */,
				7A97669D2743EA2D00E82079 /* ChatView */,
				08706A7C2756B3BE007C77B9 /* ConversationView */,
				7AB6EB922731584F00E60A49 /* custom View */,
			);
			path = View;
			sourceTree = "<group>";
		};
		7AB6EB922731584F00E60A49 /* custom View */ = {
			isa = PBXGroup;
			children = (
				7A4C2A38272FFAC900C4AC30 /* HeaderView.swift */,
				081BC7C5276A4F8C000AE740 /* BackgroundView.swift */,
				083C45EF276743360058918F /* AlertTFView.swift */,
				083C45F1276743660058918F /* AlertTFViewModel.swift */,
				0882136727624D1D008D04B4 /* ProfilInfoView.swift */,
				7A4C2A32272FF96400C4AC30 /* TFView.swift */,
				083C45ED27673BE70058918F /* CustomSecureTF.swift */,
				7A6FA25D27302184001EE307 /* TFSignUpView.swift */,
				083C45EB27673A470058918F /* CustomTF.swift */,
				7A4C2A35272FFA1C00C4AC30 /* BottomLogInView.swift */,
				7A4C2A29272FF6D800C4AC30 /* CustomTabView.swift */,
				7AA64398274129F80051EC70 /* GameCellView.swift */,
				7ACB1738274A6E4C00C88CE8 /* ImagePicker.swift */,
				08706A7027561DD2007C77B9 /* BackgroundClearView.swift */,
				08706A7A275697ED007C77B9 /* ConversationCellView.swift */,
				08C6F404275B6A6C0028D5E4 /* LeftBubbleView.swift */,
				08C6F406275B6B800028D5E4 /* RightBubbleView.swift */,
				0882136527624C34008D04B4 /* ProfilImageView.swift */,
			);
			path = "custom View";
			sourceTree = "<group>";
		};
		7C6642B5C49A600AC56B07B8 /* Frameworks */ = {
			isa = PBXGroup;
			children = (
				7969FE3C4A47832D05E4193E /* Pods_MGL__iOS_.framework */,
				07DF25CF6AF9907E70DECCF5 /* Pods_MGL__macOS_.framework */,
			);
			name = Frameworks;
			sourceTree = "<group>";
		};
		F1081B297E6B9B9E69708FAB /* Pods */ = {
			isa = PBXGroup;
			children = (
				FD0CD6FCC118B5B7934C6928 /* Pods-MGL (iOS).debug.xcconfig */,
				6E0BCC8F969021B2F4161E78 /* Pods-MGL (iOS).release.xcconfig */,
				A3386060E7F7948FD54F54F4 /* Pods-MGL (macOS).debug.xcconfig */,
				EB2A453099065CE4EDEF7AA5 /* Pods-MGL (macOS).release.xcconfig */,
				D316C03E65F1E347A1240CA9 /* Pods-MGL (iOS)-ApiServiceTest.debug.xcconfig */,
				AFCBF89B99954A9D981E0293 /* Pods-MGL (iOS)-ApiServiceTest.release.xcconfig */,
			);
			path = Pods;
			sourceTree = "<group>";
		};
/* End PBXGroup section */

/* Begin PBXNativeTarget section */
		083C46422768A7130058918F /* ApiServiceTest */ = {
			isa = PBXNativeTarget;
			buildConfigurationList = 083C46492768A7130058918F /* Build configuration list for PBXNativeTarget "ApiServiceTest" */;
			buildPhases = (
				083C463F2768A7130058918F /* Sources */,
				083C46402768A7130058918F /* Frameworks */,
				083C46412768A7130058918F /* Resources */,
			);
			buildRules = (
			);
			dependencies = (
				083C46482768A7130058918F /* PBXTargetDependency */,
			);
			name = ApiServiceTest;
			productName = ApiServiceTest;
			productReference = 083C46432768A7130058918F /* ApiServiceTest.xctest */;
			productType = "com.apple.product-type.bundle.unit-test";
		};
		7A4C29FC272FEF1200C4AC30 /* MGL (iOS) */ = {
			isa = PBXNativeTarget;
			buildConfigurationList = 7A4C2A0E272FEF1200C4AC30 /* Build configuration list for PBXNativeTarget "MGL (iOS)" */;
			buildPhases = (
				BCB6F775161AD7AF0F2F7DE2 /* [CP] Check Pods Manifest.lock */,
				7A4C29F9272FEF1200C4AC30 /* Sources */,
				7A4C29FA272FEF1200C4AC30 /* Frameworks */,
				7A4C29FB272FEF1200C4AC30 /* Resources */,
				EBF31269FA036E96C31EE39B /* [CP] Embed Pods Frameworks */,
			);
			buildRules = (
			);
			dependencies = (
			);
			name = "MGL (iOS)";
			packageProductDependencies = (
				081BC7C1276A42AB000AE740 /* FloatingLabelTextFieldSwiftUI */,
			);
			productName = "MGL (iOS)";
			productReference = 7A4C29FD272FEF1200C4AC30 /* MGL.app */;
			productType = "com.apple.product-type.application";
		};
/* End PBXNativeTarget section */

/* Begin PBXProject section */
		7A4C29F1272FEF1000C4AC30 /* Project object */ = {
			isa = PBXProject;
			attributes = {
				BuildIndependentTargetsInParallel = 1;
				LastSwiftUpdateCheck = 1310;
				LastUpgradeCheck = 1310;
				TargetAttributes = {
					083C46422768A7130058918F = {
						CreatedOnToolsVersion = 13.1;
						TestTargetID = 7A4C29FC272FEF1200C4AC30;
					};
					7A4C29FC272FEF1200C4AC30 = {
						CreatedOnToolsVersion = 13.1;
					};
				};
			};
			buildConfigurationList = 7A4C29F4272FEF1000C4AC30 /* Build configuration list for PBXProject "MGL" */;
			compatibilityVersion = "Xcode 13.0";
			developmentRegion = en;
			hasScannedForEncodings = 0;
			knownRegions = (
				en,
				Base,
				fr,
			);
			mainGroup = 7A4C29F0272FEF1000C4AC30;
			packageReferences = (
				081BC7C0276A42AB000AE740 /* XCRemoteSwiftPackageReference "FloatingLabelTextFieldSwiftUI" */,
			);
			productRefGroup = 7A4C29FE272FEF1200C4AC30 /* Products */;
			projectDirPath = "";
			projectRoot = "";
			targets = (
				7A4C29FC272FEF1200C4AC30 /* MGL (iOS) */,
				083C46422768A7130058918F /* ApiServiceTest */,
			);
		};
/* End PBXProject section */

/* Begin PBXResourcesBuildPhase section */
		083C46412768A7130058918F /* Resources */ = {
			isa = PBXResourcesBuildPhase;
			buildActionMask = 2147483647;
			files = (
				083C46512768A8E90058918F /* searchName.json in Resources */,
				083C46532768A8EF0058918F /* searchID.json in Resources */,
				083C464F2768A8D60058918F /* top50.json in Resources */,
				082A63352769222600BD5921 /* searchNameNoResult.json in Resources */,
				082A633327691C1D00BD5921 /* searchIDwithNilValue.json in Resources */,
			);
			runOnlyForDeploymentPostprocessing = 0;
		};
		7A4C29FB272FEF1200C4AC30 /* Resources */ = {
			isa = PBXResourcesBuildPhase;
			buildActionMask = 2147483647;
			files = (
				7A4C2A0A272FEF1200C4AC30 /* Assets.xcassets in Resources */,
				7A93A8B5273E770600F920A5 /* GoogleService-Info.plist in Resources */,
			);
			runOnlyForDeploymentPostprocessing = 0;
		};
/* End PBXResourcesBuildPhase section */

/* Begin PBXShellScriptBuildPhase section */
		BCB6F775161AD7AF0F2F7DE2 /* [CP] Check Pods Manifest.lock */ = {
			isa = PBXShellScriptBuildPhase;
			buildActionMask = 2147483647;
			files = (
			);
			inputFileListPaths = (
			);
			inputPaths = (
				"${PODS_PODFILE_DIR_PATH}/Podfile.lock",
				"${PODS_ROOT}/Manifest.lock",
			);
			name = "[CP] Check Pods Manifest.lock";
			outputFileListPaths = (
			);
			outputPaths = (
				"$(DERIVED_FILE_DIR)/Pods-MGL (iOS)-checkManifestLockResult.txt",
			);
			runOnlyForDeploymentPostprocessing = 0;
			shellPath = /bin/sh;
			shellScript = "diff \"${PODS_PODFILE_DIR_PATH}/Podfile.lock\" \"${PODS_ROOT}/Manifest.lock\" > /dev/null\nif [ $? != 0 ] ; then\n    # print error to STDERR\n    echo \"error: The sandbox is not in sync with the Podfile.lock. Run 'pod install' or update your CocoaPods installation.\" >&2\n    exit 1\nfi\n# This output is used by Xcode 'outputs' to avoid re-running this script phase.\necho \"SUCCESS\" > \"${SCRIPT_OUTPUT_FILE_0}\"\n";
			showEnvVarsInLog = 0;
		};
		EBF31269FA036E96C31EE39B /* [CP] Embed Pods Frameworks */ = {
			isa = PBXShellScriptBuildPhase;
			buildActionMask = 2147483647;
			files = (
			);
			inputFileListPaths = (
				"${PODS_ROOT}/Target Support Files/Pods-MGL (iOS)/Pods-MGL (iOS)-frameworks-${CONFIGURATION}-input-files.xcfilelist",
			);
			name = "[CP] Embed Pods Frameworks";
			outputFileListPaths = (
				"${PODS_ROOT}/Target Support Files/Pods-MGL (iOS)/Pods-MGL (iOS)-frameworks-${CONFIGURATION}-output-files.xcfilelist",
			);
			runOnlyForDeploymentPostprocessing = 0;
			shellPath = /bin/sh;
			shellScript = "\"${PODS_ROOT}/Target Support Files/Pods-MGL (iOS)/Pods-MGL (iOS)-frameworks.sh\"\n";
			showEnvVarsInLog = 0;
		};
/* End PBXShellScriptBuildPhase section */

/* Begin PBXSourcesBuildPhase section */
		083C463F2768A7130058918F /* Sources */ = {
			isa = PBXSourcesBuildPhase;
			buildActionMask = 2147483647;
			files = (
				083C46462768A7130058918F /* ApiServiceTest.swift in Sources */,
				083C464D2768A7300058918F /* FakeResponseData.swift in Sources */,
			);
			runOnlyForDeploymentPostprocessing = 0;
		};
		7A4C29F9272FEF1200C4AC30 /* Sources */ = {
			isa = PBXSourcesBuildPhase;
			buildActionMask = 2147483647;
			files = (
				7AB6EB8B2731579E00E60A49 /* Game.swift in Sources */,
				7A565E9D274AE679005FD475 /* PublicProfilView.swift in Sources */,
				083C45EE27673BE70058918F /* CustomSecureTF.swift in Sources */,
				7A10A3A227446BBD006B09DD /* NetworkError.swift in Sources */,
				7A4C2A1B272FEF6C00C4AC30 /* SearchView.swift in Sources */,
				081BC7C6276A4F8C000AE740 /* BackgroundView.swift in Sources */,
				7A40E44E27450E95002D0FD8 /* Constantes.swift in Sources */,
				08706A802756B3D9007C77B9 /* ConversationViewModel.swift in Sources */,
				7A4C2A21272FEF7C00C4AC30 /* ProfilView.swift in Sources */,
				08C6F405275B6A6C0028D5E4 /* LeftBubbleView.swift in Sources */,
				08706A7127561DD2007C77B9 /* BackgroundClearView.swift in Sources */,
				083C45F2276743660058918F /* AlertTFViewModel.swift in Sources */,
				7A4C2A33272FF96400C4AC30 /* TFView.swift in Sources */,
				08706A7727568788007C77B9 /* ConversationData.swift in Sources */,
				7A40E4502745344D002D0FD8 /* SearchViewModel.swift in Sources */,
				7A4C2A1E272FEF7300C4AC30 /* MapView.swift in Sources */,
				7A40E45227453ACB002D0FD8 /* SignUpViewModel.swift in Sources */,
				7AD0526B2741564200EADB7F /* DetailsView.swift in Sources */,
				7AB6EB902731580200E60A49 /* ApiService.swift in Sources */,
				083C3C84274E5FE300864AF5 /* StringExtension.swift in Sources */,
				7A4C2A39272FFAC900C4AC30 /* HeaderView.swift in Sources */,
				7A4C2A2A272FF6D800C4AC30 /* CustomTabView.swift in Sources */,
				7ACB1735274A6B1D00C88CE8 /* PictureRepository.swift in Sources */,
				08C6F407275B6B800028D5E4 /* RightBubbleView.swift in Sources */,
				7A4C2A36272FFA1C00C4AC30 /* BottomLogInView.swift in Sources */,
				7A6FA25B273020C9001EE307 /* SignUpView.swift in Sources */,
				08706A7E2756B3CC007C77B9 /* ConversationView.swift in Sources */,
				083C45F0276743360058918F /* AlertTFView.swift in Sources */,
				7A62A3E4274019BC00686E3D /* AuthRepository.swift in Sources */,
				7A9766982743E35200E82079 /* LogInViewModel.swift in Sources */,
				089A0E322755348900E23044 /* ResetViewModel.swift in Sources */,
				08706A79275687FC007C77B9 /* ChatViewModel.swift in Sources */,
				7ACB1739274A6E4C00C88CE8 /* ImagePicker.swift in Sources */,
				08706A7B275697ED007C77B9 /* ConversationCellView.swift in Sources */,
				0882136627624C34008D04B4 /* ProfilImageView.swift in Sources */,
				7A97668E2743A46500E82079 /* Top50ViewModel.swift in Sources */,
				0882136427624ADA008D04B4 /* PinInfo.swift in Sources */,
				7A46557627468FA3002BE831 /* UserData.swift in Sources */,
				7AB6EB882731577500E60A49 /* ItemInfos.swift in Sources */,
				7AB6EB852731574500E60A49 /* SearchResult.swift in Sources */,
				0882136827624D1D008D04B4 /* ProfilInfoView.swift in Sources */,
				7A9766952743B3B600E82079 /* DetailsViewModel.swift in Sources */,
				7A465578274692E3002BE831 /* MapViewModel.swift in Sources */,
				08706A7527567D8E007C77B9 /* DateExtension.swift in Sources */,
				7A4C2A08272FEF1200C4AC30 /* ContentView.swift in Sources */,
				7A4C2A24272FEF8400C4AC30 /* ChatView.swift in Sources */,
				089A0E302755348100E23044 /* ResetView.swift in Sources */,
				08706A7327565C3E007C77B9 /* ConversationRepository.swift in Sources */,
				083C45EC27673A470058918F /* CustomTF.swift in Sources */,
				081BC7C4276A433E000AE740 /* UserRepository.swift in Sources */,
				7A6FA25E27302184001EE307 /* TFSignUpView.swift in Sources */,
				7A4C2A2D272FF74500C4AC30 /* LogInView.swift in Sources */,
				7A4C2A18272FEF6500C4AC30 /* Top50View.swift in Sources */,
				7A87477C274CE87C00FB46A8 /* GlowBorder.swift in Sources */,
				7A436EB6274C3D9B00D8D28F /* ViewExtension.swift in Sources */,
				7AA64399274129F80051EC70 /* GameCellView.swift in Sources */,
				7A4C2A06272FEF1200C4AC30 /* MGLApp.swift in Sources */,
				7A9766922743AD5B00E82079 /* ProfilViewModel.swift in Sources */,
				7A565E9F274AE685005FD475 /* PublicProfilViewModel.swift in Sources */,
			);
			runOnlyForDeploymentPostprocessing = 0;
		};
/* End PBXSourcesBuildPhase section */

/* Begin PBXTargetDependency section */
		083C46482768A7130058918F /* PBXTargetDependency */ = {
			isa = PBXTargetDependency;
			target = 7A4C29FC272FEF1200C4AC30 /* MGL (iOS) */;
			targetProxy = 083C46472768A7130058918F /* PBXContainerItemProxy */;
		};
/* End PBXTargetDependency section */

/* Begin XCBuildConfiguration section */
		083C464A2768A7130058918F /* Debug */ = {
			isa = XCBuildConfiguration;
			buildSettings = {
				BUNDLE_LOADER = "$(TEST_HOST)";
				CODE_SIGN_STYLE = Automatic;
				CURRENT_PROJECT_VERSION = 1;
				DEVELOPMENT_TEAM = 45CCMZA383;
				ENABLE_ON_DEMAND_RESOURCES = NO;
				GENERATE_INFOPLIST_FILE = YES;
				HEADER_SEARCH_PATHS = "$(SRCROOT)/Pods/**";
				LD_RUNPATH_SEARCH_PATHS = (
					"$(inherited)",
					"@executable_path/Frameworks",
					"@loader_path/Frameworks",
				);
				MARKETING_VERSION = 1.0;
				PRODUCT_BUNDLE_IDENTIFIER = com.adrienPEREA.ApiServiceTest;
				PRODUCT_NAME = "$(TARGET_NAME)";
				SDKROOT = iphoneos;
				SWIFT_EMIT_LOC_STRINGS = NO;
				SWIFT_VERSION = 5.0;
				TARGETED_DEVICE_FAMILY = 1;
				TEST_HOST = "$(BUILT_PRODUCTS_DIR)/MGL.app/MGL";
			};
			name = Debug;
		};
		083C464B2768A7130058918F /* Release */ = {
			isa = XCBuildConfiguration;
			buildSettings = {
				BUNDLE_LOADER = "$(TEST_HOST)";
				CODE_SIGN_STYLE = Automatic;
				CURRENT_PROJECT_VERSION = 1;
				DEVELOPMENT_TEAM = 45CCMZA383;
				ENABLE_ON_DEMAND_RESOURCES = NO;
				GENERATE_INFOPLIST_FILE = YES;
				HEADER_SEARCH_PATHS = "$(SRCROOT)/Pods/**";
				LD_RUNPATH_SEARCH_PATHS = (
					"$(inherited)",
					"@executable_path/Frameworks",
					"@loader_path/Frameworks",
				);
				MARKETING_VERSION = 1.0;
				PRODUCT_BUNDLE_IDENTIFIER = com.adrienPEREA.ApiServiceTest;
				PRODUCT_NAME = "$(TARGET_NAME)";
				SDKROOT = iphoneos;
				SWIFT_EMIT_LOC_STRINGS = NO;
				SWIFT_VERSION = 5.0;
				TARGETED_DEVICE_FAMILY = 1;
				TEST_HOST = "$(BUILT_PRODUCTS_DIR)/MGL.app/MGL";
				VALIDATE_PRODUCT = YES;
			};
			name = Release;
		};
		7A4C2A0C272FEF1200C4AC30 /* Debug */ = {
			isa = XCBuildConfiguration;
			buildSettings = {
				ALWAYS_SEARCH_USER_PATHS = NO;
				CLANG_ANALYZER_LOCALIZABILITY_NONLOCALIZED = YES;
				CLANG_ANALYZER_NONNULL = YES;
				CLANG_ANALYZER_NUMBER_OBJECT_CONVERSION = YES_AGGRESSIVE;
				CLANG_CXX_LANGUAGE_STANDARD = "gnu++17";
				CLANG_CXX_LIBRARY = "libc++";
				CLANG_ENABLE_MODULES = YES;
				CLANG_ENABLE_OBJC_ARC = YES;
				CLANG_ENABLE_OBJC_WEAK = YES;
				CLANG_WARN_BLOCK_CAPTURE_AUTORELEASING = YES;
				CLANG_WARN_BOOL_CONVERSION = YES;
				CLANG_WARN_COMMA = YES;
				CLANG_WARN_CONSTANT_CONVERSION = YES;
				CLANG_WARN_DEPRECATED_OBJC_IMPLEMENTATIONS = YES;
				CLANG_WARN_DIRECT_OBJC_ISA_USAGE = YES_ERROR;
				CLANG_WARN_DOCUMENTATION_COMMENTS = YES;
				CLANG_WARN_EMPTY_BODY = YES;
				CLANG_WARN_ENUM_CONVERSION = YES;
				CLANG_WARN_INFINITE_RECURSION = YES;
				CLANG_WARN_INT_CONVERSION = YES;
				CLANG_WARN_NON_LITERAL_NULL_CONVERSION = YES;
				CLANG_WARN_OBJC_IMPLICIT_RETAIN_SELF = YES;
				CLANG_WARN_OBJC_LITERAL_CONVERSION = YES;
				CLANG_WARN_OBJC_ROOT_CLASS = YES_ERROR;
				CLANG_WARN_QUOTED_INCLUDE_IN_FRAMEWORK_HEADER = YES;
				CLANG_WARN_RANGE_LOOP_ANALYSIS = YES;
				CLANG_WARN_STRICT_PROTOTYPES = YES;
				CLANG_WARN_SUSPICIOUS_MOVE = YES;
				CLANG_WARN_UNGUARDED_AVAILABILITY = YES_AGGRESSIVE;
				CLANG_WARN_UNREACHABLE_CODE = YES;
				CLANG_WARN__DUPLICATE_METHOD_MATCH = YES;
				COPY_PHASE_STRIP = NO;
				DEBUG_INFORMATION_FORMAT = dwarf;
				ENABLE_STRICT_OBJC_MSGSEND = YES;
				ENABLE_TESTABILITY = YES;
				GCC_C_LANGUAGE_STANDARD = gnu11;
				GCC_DYNAMIC_NO_PIC = NO;
				GCC_NO_COMMON_BLOCKS = YES;
				GCC_OPTIMIZATION_LEVEL = 0;
				GCC_PREPROCESSOR_DEFINITIONS = (
					"DEBUG=1",
					"$(inherited)",
				);
				GCC_WARN_64_TO_32_BIT_CONVERSION = YES;
				GCC_WARN_ABOUT_RETURN_TYPE = YES_ERROR;
				GCC_WARN_UNDECLARED_SELECTOR = YES;
				GCC_WARN_UNINITIALIZED_AUTOS = YES_AGGRESSIVE;
				GCC_WARN_UNUSED_FUNCTION = YES;
				GCC_WARN_UNUSED_VARIABLE = YES;
				IPHONEOS_DEPLOYMENT_TARGET = 15.0;
				MACOSX_DEPLOYMENT_TARGET = 12.0;
				MTL_ENABLE_DEBUG_INFO = INCLUDE_SOURCE;
				MTL_FAST_MATH = YES;
				ONLY_ACTIVE_ARCH = YES;
				SWIFT_ACTIVE_COMPILATION_CONDITIONS = DEBUG;
				SWIFT_OPTIMIZATION_LEVEL = "-Onone";
			};
			name = Debug;
		};
		7A4C2A0D272FEF1200C4AC30 /* Release */ = {
			isa = XCBuildConfiguration;
			buildSettings = {
				ALWAYS_SEARCH_USER_PATHS = NO;
				CLANG_ANALYZER_LOCALIZABILITY_NONLOCALIZED = YES;
				CLANG_ANALYZER_NONNULL = YES;
				CLANG_ANALYZER_NUMBER_OBJECT_CONVERSION = YES_AGGRESSIVE;
				CLANG_CXX_LANGUAGE_STANDARD = "gnu++17";
				CLANG_CXX_LIBRARY = "libc++";
				CLANG_ENABLE_MODULES = YES;
				CLANG_ENABLE_OBJC_ARC = YES;
				CLANG_ENABLE_OBJC_WEAK = YES;
				CLANG_WARN_BLOCK_CAPTURE_AUTORELEASING = YES;
				CLANG_WARN_BOOL_CONVERSION = YES;
				CLANG_WARN_COMMA = YES;
				CLANG_WARN_CONSTANT_CONVERSION = YES;
				CLANG_WARN_DEPRECATED_OBJC_IMPLEMENTATIONS = YES;
				CLANG_WARN_DIRECT_OBJC_ISA_USAGE = YES_ERROR;
				CLANG_WARN_DOCUMENTATION_COMMENTS = YES;
				CLANG_WARN_EMPTY_BODY = YES;
				CLANG_WARN_ENUM_CONVERSION = YES;
				CLANG_WARN_INFINITE_RECURSION = YES;
				CLANG_WARN_INT_CONVERSION = YES;
				CLANG_WARN_NON_LITERAL_NULL_CONVERSION = YES;
				CLANG_WARN_OBJC_IMPLICIT_RETAIN_SELF = YES;
				CLANG_WARN_OBJC_LITERAL_CONVERSION = YES;
				CLANG_WARN_OBJC_ROOT_CLASS = YES_ERROR;
				CLANG_WARN_QUOTED_INCLUDE_IN_FRAMEWORK_HEADER = YES;
				CLANG_WARN_RANGE_LOOP_ANALYSIS = YES;
				CLANG_WARN_STRICT_PROTOTYPES = YES;
				CLANG_WARN_SUSPICIOUS_MOVE = YES;
				CLANG_WARN_UNGUARDED_AVAILABILITY = YES_AGGRESSIVE;
				CLANG_WARN_UNREACHABLE_CODE = YES;
				CLANG_WARN__DUPLICATE_METHOD_MATCH = YES;
				COPY_PHASE_STRIP = NO;
				DEBUG_INFORMATION_FORMAT = "dwarf-with-dsym";
				ENABLE_NS_ASSERTIONS = NO;
				ENABLE_STRICT_OBJC_MSGSEND = YES;
				GCC_C_LANGUAGE_STANDARD = gnu11;
				GCC_NO_COMMON_BLOCKS = YES;
				GCC_WARN_64_TO_32_BIT_CONVERSION = YES;
				GCC_WARN_ABOUT_RETURN_TYPE = YES_ERROR;
				GCC_WARN_UNDECLARED_SELECTOR = YES;
				GCC_WARN_UNINITIALIZED_AUTOS = YES_AGGRESSIVE;
				GCC_WARN_UNUSED_FUNCTION = YES;
				GCC_WARN_UNUSED_VARIABLE = YES;
				IPHONEOS_DEPLOYMENT_TARGET = 15.0;
				MACOSX_DEPLOYMENT_TARGET = 12.0;
				MTL_ENABLE_DEBUG_INFO = NO;
				MTL_FAST_MATH = YES;
				SWIFT_COMPILATION_MODE = wholemodule;
				SWIFT_OPTIMIZATION_LEVEL = "-O";
			};
			name = Release;
		};
		7A4C2A0F272FEF1200C4AC30 /* Debug */ = {
			isa = XCBuildConfiguration;
			baseConfigurationReference = FD0CD6FCC118B5B7934C6928 /* Pods-MGL (iOS).debug.xcconfig */;
			buildSettings = {
				ASSETCATALOG_COMPILER_APPICON_NAME = AppIcon;
				ASSETCATALOG_COMPILER_GLOBAL_ACCENT_COLOR_NAME = AccentColor;
				CODE_SIGN_STYLE = Automatic;
				CURRENT_PROJECT_VERSION = 1;
				DEVELOPMENT_TEAM = 45CCMZA383;
				ENABLE_PREVIEWS = YES;
				GENERATE_INFOPLIST_FILE = YES;
				INFOPLIST_FILE = "MGL--iOS--Info.plist";
				INFOPLIST_KEY_NSAppleMusicUsageDescription = "we need the Library permission";
				INFOPLIST_KEY_NSCameraUsageDescription = "we need the Camera permission";
				INFOPLIST_KEY_UIApplicationSceneManifest_Generation = YES;
				INFOPLIST_KEY_UIApplicationSupportsIndirectInputEvents = YES;
				INFOPLIST_KEY_UILaunchScreen_Generation = YES;
				INFOPLIST_KEY_UISupportedInterfaceOrientations = UIInterfaceOrientationPortrait;
				INFOPLIST_KEY_UISupportedInterfaceOrientations_iPad = "UIInterfaceOrientationPortrait UIInterfaceOrientationPortraitUpsideDown UIInterfaceOrientationLandscapeLeft UIInterfaceOrientationLandscapeRight";
				INFOPLIST_KEY_UISupportedInterfaceOrientations_iPhone = "UIInterfaceOrientationPortrait UIInterfaceOrientationLandscapeLeft UIInterfaceOrientationLandscapeRight";
				INFOPLIST_KEY_UIUserInterfaceStyle = Light;
				IPHONEOS_DEPLOYMENT_TARGET = 15.0;
				LD_RUNPATH_SEARCH_PATHS = (
					"$(inherited)",
					"@executable_path/Frameworks",
				);
				MARKETING_VERSION = 1.0;
				PRODUCT_BUNDLE_IDENTIFIER = fr.AdrienPEREA.MGL;
				PRODUCT_NAME = MGL;
				SDKROOT = iphoneos;
				SWIFT_EMIT_LOC_STRINGS = YES;
				SWIFT_VERSION = 5.0;
				TARGETED_DEVICE_FAMILY = 1;
			};
			name = Debug;
		};
		7A4C2A10272FEF1200C4AC30 /* Release */ = {
			isa = XCBuildConfiguration;
			baseConfigurationReference = 6E0BCC8F969021B2F4161E78 /* Pods-MGL (iOS).release.xcconfig */;
			buildSettings = {
				ASSETCATALOG_COMPILER_APPICON_NAME = AppIcon;
				ASSETCATALOG_COMPILER_GLOBAL_ACCENT_COLOR_NAME = AccentColor;
				CODE_SIGN_STYLE = Automatic;
				CURRENT_PROJECT_VERSION = 1;
				DEVELOPMENT_TEAM = 45CCMZA383;
				ENABLE_PREVIEWS = YES;
				GENERATE_INFOPLIST_FILE = YES;
				INFOPLIST_FILE = "MGL--iOS--Info.plist";
				INFOPLIST_KEY_NSAppleMusicUsageDescription = "we need the Library permission";
				INFOPLIST_KEY_NSCameraUsageDescription = "we need the Camera permission";
				INFOPLIST_KEY_UIApplicationSceneManifest_Generation = YES;
				INFOPLIST_KEY_UIApplicationSupportsIndirectInputEvents = YES;
				INFOPLIST_KEY_UILaunchScreen_Generation = YES;
				INFOPLIST_KEY_UISupportedInterfaceOrientations = UIInterfaceOrientationPortrait;
				INFOPLIST_KEY_UISupportedInterfaceOrientations_iPad = "UIInterfaceOrientationPortrait UIInterfaceOrientationPortraitUpsideDown UIInterfaceOrientationLandscapeLeft UIInterfaceOrientationLandscapeRight";
				INFOPLIST_KEY_UISupportedInterfaceOrientations_iPhone = "UIInterfaceOrientationPortrait UIInterfaceOrientationLandscapeLeft UIInterfaceOrientationLandscapeRight";
				INFOPLIST_KEY_UIUserInterfaceStyle = Light;
				IPHONEOS_DEPLOYMENT_TARGET = 15.0;
				LD_RUNPATH_SEARCH_PATHS = (
					"$(inherited)",
					"@executable_path/Frameworks",
				);
				MARKETING_VERSION = 1.0;
				PRODUCT_BUNDLE_IDENTIFIER = fr.AdrienPEREA.MGL;
				PRODUCT_NAME = MGL;
				SDKROOT = iphoneos;
				SWIFT_EMIT_LOC_STRINGS = YES;
				SWIFT_VERSION = 5.0;
				TARGETED_DEVICE_FAMILY = 1;
				VALIDATE_PRODUCT = YES;
			};
			name = Release;
		};
/* End XCBuildConfiguration section */

/* Begin XCConfigurationList section */
		083C46492768A7130058918F /* Build configuration list for PBXNativeTarget "ApiServiceTest" */ = {
			isa = XCConfigurationList;
			buildConfigurations = (
				083C464A2768A7130058918F /* Debug */,
				083C464B2768A7130058918F /* Release */,
			);
			defaultConfigurationIsVisible = 0;
			defaultConfigurationName = Release;
		};
		7A4C29F4272FEF1000C4AC30 /* Build configuration list for PBXProject "MGL" */ = {
			isa = XCConfigurationList;
			buildConfigurations = (
				7A4C2A0C272FEF1200C4AC30 /* Debug */,
				7A4C2A0D272FEF1200C4AC30 /* Release */,
			);
			defaultConfigurationIsVisible = 0;
			defaultConfigurationName = Release;
		};
		7A4C2A0E272FEF1200C4AC30 /* Build configuration list for PBXNativeTarget "MGL (iOS)" */ = {
			isa = XCConfigurationList;
			buildConfigurations = (
				7A4C2A0F272FEF1200C4AC30 /* Debug */,
				7A4C2A10272FEF1200C4AC30 /* Release */,
			);
			defaultConfigurationIsVisible = 0;
			defaultConfigurationName = Release;
		};
/* End XCConfigurationList section */

/* Begin XCRemoteSwiftPackageReference section */
		081BC7C0276A42AB000AE740 /* XCRemoteSwiftPackageReference "FloatingLabelTextFieldSwiftUI" */ = {
			isa = XCRemoteSwiftPackageReference;
			repositoryURL = "https://github.com/kishanraja/FloatingLabelTextFieldSwiftUI.git";
			requirement = {
				branch = master;
				kind = branch;
			};
		};
/* End XCRemoteSwiftPackageReference section */

/* Begin XCSwiftPackageProductDependency section */
		081BC7C1276A42AB000AE740 /* FloatingLabelTextFieldSwiftUI */ = {
			isa = XCSwiftPackageProductDependency;
			package = 081BC7C0276A42AB000AE740 /* XCRemoteSwiftPackageReference "FloatingLabelTextFieldSwiftUI" */;
			productName = FloatingLabelTextFieldSwiftUI;
		};
/* End XCSwiftPackageProductDependency section */
	};
	rootObject = 7A4C29F1272FEF1000C4AC30 /* Project object */;
}
